
Microsoft Visual Studio Solution File, Format Version 12.00
# Visual Studio 15
VisualStudioVersion = 15.0.28307.1000
MinimumVisualStudioVersion = 10.0.40219.1
Project("{FAE04EC0-301F-11D3-BF4B-00C04F79EFBC}") = "AutoCorrect_1", "AutoCorrect_1.csproj", "{52393457-E32C-412D-8098-BA0C93C25527}"
EndProject
Global
	GlobalSection(SolutionConfigurationPlatforms) = preSolution
		Debug|Any CPU = Debug|Any CPU
		Release|Any CPU = Release|Any CPU
	EndGlobalSection
	GlobalSection(ProjectConfigurationPlatforms) = postSolution
		{52393457-E32C-412D-8098-BA0C93C25527}.Debug|Any CPU.ActiveCfg = Debug|Any CPU
		{52393457-E32C-412D-8098-BA0C93C25527}.Debug|Any CPU.Build.0 = Debug|Any CPU
		{52393457-E32C-412D-8098-BA0C93C25527}.Release|Any CPU.ActiveCfg = Release|Any CPU
		{52393457-E32C-412D-8098-BA0C93C25527}.Release|Any CPU.Build.0 = Release|Any CPU
	EndGlobalSection
	GlobalSection(SolutionProperties) = preSolution
		HideSolutionNode = FALSE
	EndGlobalSection
	GlobalSection(ExtensibilityGlobals) = postSolution
		SolutionGuid = {CBC19AAB-1CD8-4492-8ADD-69579BEBEA62}
	EndGlobalSection
EndGlobal
